
Microsoft Visual Studio Solution File, Format Version 12.00
# Visual Studio Version 16
VisualStudioVersion = 25.0.1700.0
MinimumVisualStudioVersion = 10.0.40219.1
Project("{FAE04EC0-301F-11D3-BF4B-00C04F79EFBC}") = "webapi", "webapi\webapi.csproj", "{3C9ADE99-F51A-479C-9016-2D277C3B98DF}"
EndProject
Global
	GlobalSection(SolutionConfigurationPlatforms) = preSolution
		Debug|Any CPU = Debug|Any CPU
		Release|Any CPU = Release|Any CPU
	EndGlobalSection
	GlobalSection(ProjectConfigurationPlatforms) = postSolution
		{3C9ADE99-F51A-479C-9016-2D277C3B98DF}.Debug|Any CPU.ActiveCfg = Debug|Any CPU
		{3C9ADE99-F51A-479C-9016-2D277C3B98DF}.Debug|Any CPU.Build.0 = Debug|Any CPU
		{3C9ADE99-F51A-479C-9016-2D277C3B98DF}.Release|Any CPU.ActiveCfg = Release|Any CPU
		{3C9ADE99-F51A-479C-9016-2D277C3B98DF}.Release|Any CPU.Build.0 = Release|Any CPU
	EndGlobalSection
	GlobalSection(SolutionProperties) = preSolution
		HideSolutionNode = FALSE
	EndGlobalSection
	GlobalSection(ExtensibilityGlobals) = postSolution
		SolutionGuid = {2A074A31-A313-4B5D-9ED1-408654B3285D}
	EndGlobalSection
EndGlobal
